
Microsoft Visual Studio Solution File, Format Version 12.00
# Visual Studio Version 16
VisualStudioVersion = 16.0.29728.190
MinimumVisualStudioVersion = 10.0.40219.1
Project("{FAE04EC0-301F-11D3-BF4B-00C04F79EFBC}") = "OpenEMRApplication", "OpenEMRApplication\OpenEMRApplication.csproj", "{563369AC-89BD-482E-86D9-7BAB098F2B24}"
EndProject
Project("{FAE04EC0-301F-11D3-BF4B-00C04F79EFBC}") = "AutomationWrapper", "AutomationWrapper\AutomationWrapper.csproj", "{2120BB29-D213-43AE-A578-070DB20C4893}"
EndProject
Project("{FAE04EC0-301F-11D3-BF4B-00C04F79EFBC}") = "RoyalCarApp", "RoyalCarApp\RoyalCarApp.csproj", "{30D3768C-A38E-45F1-B921-6012FA79A7D1}"
EndProject
Global
	GlobalSection(SolutionConfigurationPlatforms) = preSolution
		Debug|Any CPU = Debug|Any CPU
		Release|Any CPU = Release|Any CPU
	EndGlobalSection
	GlobalSection(ProjectConfigurationPlatforms) = postSolution
		{563369AC-89BD-482E-86D9-7BAB098F2B24}.Debug|Any CPU.ActiveCfg = Debug|Any CPU
		{563369AC-89BD-482E-86D9-7BAB098F2B24}.Debug|Any CPU.Build.0 = Debug|Any CPU
		{563369AC-89BD-482E-86D9-7BAB098F2B24}.Release|Any CPU.ActiveCfg = Release|Any CPU
		{563369AC-89BD-482E-86D9-7BAB098F2B24}.Release|Any CPU.Build.0 = Release|Any CPU
		{2120BB29-D213-43AE-A578-070DB20C4893}.Debug|Any CPU.ActiveCfg = Debug|Any CPU
		{2120BB29-D213-43AE-A578-070DB20C4893}.Debug|Any CPU.Build.0 = Debug|Any CPU
		{2120BB29-D213-43AE-A578-070DB20C4893}.Release|Any CPU.ActiveCfg = Release|Any CPU
		{2120BB29-D213-43AE-A578-070DB20C4893}.Release|Any CPU.Build.0 = Release|Any CPU
		{30D3768C-A38E-45F1-B921-6012FA79A7D1}.Debug|Any CPU.ActiveCfg = Debug|Any CPU
		{30D3768C-A38E-45F1-B921-6012FA79A7D1}.Debug|Any CPU.Build.0 = Debug|Any CPU
		{30D3768C-A38E-45F1-B921-6012FA79A7D1}.Release|Any CPU.ActiveCfg = Release|Any CPU
		{30D3768C-A38E-45F1-B921-6012FA79A7D1}.Release|Any CPU.Build.0 = Release|Any CPU
	EndGlobalSection
	GlobalSection(SolutionProperties) = preSolution
		HideSolutionNode = FALSE
	EndGlobalSection
	GlobalSection(ExtensibilityGlobals) = postSolution
		SolutionGuid = {A0A04C6C-3F62-4A0E-ADE4-CA794823C726}
	EndGlobalSection
EndGlobal
